lockfileVersion: 5.4

importers:

  .:
    specifiers:
      prettier: latest
      turbo: latest
    devDependencies:
      prettier: 2.8.1
      turbo: 1.6.3

  examples/computed-fields:
    specifiers:
      '@faker-js/faker': ^7.6.0
      '@prisma/client': latest
      '@types/node': ^17.0.12
      prisma: ^4.7.1
      ts-node: ^10.9.1
      typescript: ^4.9.3
    dependencies:
      '@prisma/client': 4.7.1_prisma@4.7.1
    devDependencies:
      '@faker-js/faker': 7.6.0
      '@types/node': 17.0.45
      prisma: 4.7.1
      ts-node: 10.9.1_7cep2inysldxstbcrxlp3njwym
      typescript: 4.9.3

  examples/custom-methods:
    specifiers:
      '@faker-js/faker': ^7.6.0
      '@prisma/client': latest
      '@types/bcryptjs': ^2.4.2
      '@types/node': ^17.0.12
      bcryptjs: ^2.4.3
      prisma: ^4.7.1
      ts-node: ^10.9.1
      typescript: ^4.9.3
    dependencies:
      '@prisma/client': 4.7.1_prisma@4.7.1
      bcryptjs: 2.4.3
    devDependencies:
      '@faker-js/faker': 7.6.0
      '@types/bcryptjs': 2.4.2
      '@types/node': 17.0.45
      prisma: 4.7.1
      ts-node: 10.9.1_7cep2inysldxstbcrxlp3njwym
      typescript: 4.9.3

  examples/input-transformation:
    specifiers:
      '@faker-js/faker': ^7.6.0
      '@prisma/client': latest
      '@types/node': ^17.0.12
      prisma: ^4.7.1
      ts-node: ^10.9.1
      typescript: ^4.9.3
    dependencies:
      '@prisma/client': 4.7.1_prisma@4.7.1
    devDependencies:
      '@faker-js/faker': 7.6.0
      '@types/node': 17.0.45
      prisma: 4.7.1
      ts-node: 10.9.1_7cep2inysldxstbcrxlp3njwym
      typescript: 4.9.3

  examples/input-validation:
    specifiers:
      '@faker-js/faker': ^7.6.0
      '@prisma/client': latest
      '@types/node': ^17.0.12
      prisma: ^4.7.1
      ts-node: ^10.9.1
      typescript: ^4.9.3
      zod: ^3.19.1
    dependencies:
      '@prisma/client': 4.7.1_prisma@4.7.1
      zod: 3.19.1
    devDependencies:
      '@faker-js/faker': 7.6.0
      '@types/node': 17.0.45
      prisma: 4.7.1
      ts-node: 10.9.1_7cep2inysldxstbcrxlp3njwym
      typescript: 4.9.3

  examples/model-methods:
    specifiers:
      '@faker-js/faker': ^7.6.0
      '@prisma/client': latest
      '@types/node': ^17.0.12
      prisma: ^4.7.1
      ts-node: ^10.9.1
      typescript: ^4.9.3
    dependencies:
      '@prisma/client': 4.7.1_prisma@4.7.1
    devDependencies:
      '@faker-js/faker': 7.6.0
      '@types/node': 17.0.45
      prisma: 4.7.1
      ts-node: 10.9.1_7cep2inysldxstbcrxlp3njwym
      typescript: 4.9.3

  examples/obfuscated-fields:
    specifiers:
      '@faker-js/faker': ^7.6.0
      '@prisma/client': latest
      '@types/bcryptjs': ^2.4.2
      '@types/node': ^17.0.12
      bcryptjs: ^2.4.3
      prisma: ^4.7.1
      ts-node: ^10.9.1
      typescript: ^4.9.3
    dependencies:
      '@prisma/client': 4.7.1_prisma@4.7.1
      bcryptjs: 2.4.3
    devDependencies:
      '@faker-js/faker': 7.6.0
      '@types/bcryptjs': 2.4.2
      '@types/node': 17.0.45
      prisma: 4.7.1
      ts-node: 10.9.1_7cep2inysldxstbcrxlp3njwym
      typescript: 4.9.3

  examples/query-logging:
    specifiers:
      '@faker-js/faker': ^7.6.0
      '@prisma/client': latest
      '@types/node': ^17.0.12
      prisma: ^4.7.1
      ts-node: ^10.9.1
      typescript: ^4.9.3
    dependencies:
      '@prisma/client': 4.7.1_prisma@4.7.1
    devDependencies:
      '@faker-js/faker': 7.6.0
      '@types/node': 17.0.45
      prisma: 4.7.1
      ts-node: 10.9.1_7cep2inysldxstbcrxlp3njwym
      typescript: 4.9.3

  examples/row-level-security:
    specifiers:
      '@faker-js/faker': ^7.6.0
      '@prisma/client': latest
      '@types/node': ^17.0.12
      prisma: ^4.7.1
      ts-node: ^10.9.1
      typescript: ^4.9.3
    dependencies:
      '@prisma/client': 4.7.1_prisma@4.7.1
    devDependencies:
      '@faker-js/faker': 7.6.0
      '@types/node': 17.0.45
      prisma: 4.7.1
      ts-node: 10.9.1_7cep2inysldxstbcrxlp3njwym
      typescript: 4.9.3

  examples/transformed-fields:
    specifiers:
      '@faker-js/faker': ^7.6.0
      '@prisma/client': latest
      '@types/node': ^17.0.12
      date-fns: ^2.29.3
      prisma: ^4.7.1
      ts-node: ^10.9.1
      typescript: ^4.9.3
    dependencies:
      '@prisma/client': 4.7.1_prisma@4.7.1
      date-fns: 2.29.3
    devDependencies:
      '@faker-js/faker': 7.6.0
      '@types/node': 17.0.45
      prisma: 4.7.1
      ts-node: 10.9.1_7cep2inysldxstbcrxlp3njwym
      typescript: 4.9.3

packages:

  /@cspotcode/source-map-support/0.8.1:
    resolution: {integrity: sha512-IchNf6dN4tHoMFIn/7OE8LWZ19Y6q/67Bmf6vnGREv8RSbBVb9LPJxEcnwrcwX6ixSvaiGoomAUvu4YSxXrVgw==}
    engines: {node: '>=12'}
    dependencies:
      '@jridgewell/trace-mapping': 0.3.9
    dev: true

  /@faker-js/faker/7.6.0:
    resolution: {integrity: sha512-XK6BTq1NDMo9Xqw/YkYyGjSsg44fbNwYRx7QK2CuoQgyy+f1rrTDHoExVM5PsyXCtfl2vs2vVJ0MN0yN6LppRw==}
    engines: {node: '>=14.0.0', npm: '>=6.0.0'}
    dev: true

  /@jridgewell/resolve-uri/3.1.0:
    resolution: {integrity: sha512-F2msla3tad+Mfht5cJq7LSXcdudKTWCVYUgw6pLFOOHSTtZlj6SWNYAp+AhuqLmWdBO2X5hPrLcu8cVP8fy28w==}
    engines: {node: '>=6.0.0'}
    dev: true

  /@jridgewell/sourcemap-codec/1.4.14:
    resolution: {integrity: sha512-XPSJHWmi394fuUuzDnGz1wiKqWfo1yXecHQMRf2l6hztTO+nPru658AyDngaBe7isIxEkRsPR3FZh+s7iVa4Uw==}
    dev: true

  /@jridgewell/trace-mapping/0.3.9:
    resolution: {integrity: sha512-3Belt6tdc8bPgAtbcmdtNJlirVoTmEb5e2gC94PnkwEW9jI6CAHUeoG85tjWP5WquqfavoMtMwiG4P926ZKKuQ==}
    dependencies:
      '@jridgewell/resolve-uri': 3.1.0
      '@jridgewell/sourcemap-codec': 1.4.14
    dev: true

  /@prisma/client/4.7.1_prisma@4.7.1:
    resolution: {integrity: sha512-/GbnOwIPtjiveZNUzGXOdp7RxTEkHL4DZP3vBaFNadfr6Sf0RshU5EULFzVaSi9i9PIK9PYd+1Rn7z2B2npb9w==}
    engines: {node: '>=14.17'}
    requiresBuild: true
    peerDependencies:
      prisma: '*'
    peerDependenciesMeta:
      prisma:
        optional: true
    dependencies:
      '@prisma/engines-version': 4.7.1-1.272861e07ab64f234d3ffc4094e32bd61775599c
      prisma: 4.7.1
    dev: false

  /@prisma/engines-version/4.7.1-1.272861e07ab64f234d3ffc4094e32bd61775599c:
    resolution: {integrity: sha512-Bd4LZ+WAnUHOq31e9X/ihi5zPlr4SzTRwUZZYxvWOxlerIZ7HJlVa9zXpuKTKLpI9O1l8Ec4OYCKsivWCs5a3Q==}
    dev: false

  /@prisma/engines/4.7.1:
    resolution: {integrity: sha512-zWabHosTdLpXXlMefHmnouhXMoTB1+SCbUU3t4FCmdrtIOZcarPKU3Alto7gm/pZ9vHlGOXHCfVZ1G7OIrSbog==}
    requiresBuild: true

  /@tsconfig/node10/1.0.9:
    resolution: {integrity: sha512-jNsYVVxU8v5g43Erja32laIDHXeoNvFEpX33OK4d6hljo3jDhCBDhx5dhCCTMWUojscpAagGiRkBKxpdl9fxqA==}
    dev: true

  /@tsconfig/node12/1.0.11:
    resolution: {integrity: sha512-cqefuRsh12pWyGsIoBKJA9luFu3mRxCA+ORZvA4ktLSzIuCUtWVxGIuXigEwO5/ywWFMZ2QEGKWvkZG1zDMTag==}
    dev: true

  /@tsconfig/node14/1.0.3:
    resolution: {integrity: sha512-ysT8mhdixWK6Hw3i1V2AeRqZ5WfXg1G43mqoYlM2nc6388Fq5jcXyr5mRsqViLx/GJYdoL0bfXD8nmF+Zn/Iow==}
    dev: true

  /@tsconfig/node16/1.0.3:
    resolution: {integrity: sha512-yOlFc+7UtL/89t2ZhjPvvB/DeAr3r+Dq58IgzsFkOAvVC6NMJXmCGjbptdXdR9qsX7pKcTL+s87FtYREi2dEEQ==}
    dev: true

  /@types/bcryptjs/2.4.2:
    resolution: {integrity: sha512-LiMQ6EOPob/4yUL66SZzu6Yh77cbzJFYll+ZfaPiPPFswtIlA/Fs1MzdKYA7JApHU49zQTbJGX3PDmCpIdDBRQ==}
    dev: true

  /@types/node/17.0.45:
    resolution: {integrity: sha512-w+tIMs3rq2afQdsPJlODhoUEKzFP1ayaoyl1CcnwtIlsVe7K7bA1NGm4s3PraqTLlXnbIN84zuBlxBWo1u9BLw==}
    dev: true

  /acorn-walk/8.2.0:
    resolution: {integrity: sha512-k+iyHEuPgSw6SbuDpGQM+06HQUa04DZ3o+F6CSzXMvvI5KMvnaEqXe+YVe555R9nn6GPt404fos4wcgpw12SDA==}
    engines: {node: '>=0.4.0'}
    dev: true

  /acorn/8.8.1:
    resolution: {integrity: sha512-7zFpHzhnqYKrkYdUjF1HI1bzd0VygEGX8lFk4k5zVMqHEoES+P+7TKI+EvLO9WVMJ8eekdO0aDEK044xTXwPPA==}
    engines: {node: '>=0.4.0'}
    hasBin: true
    dev: true

  /arg/4.1.3:
    resolution: {integrity: sha512-58S9QDqG0Xx27YwPSt9fJxivjYl432YCwfDMfZ+71RAqUrZef7LrKQZ3LHLOwCS4FLNBplP533Zx895SeOCHvA==}
    dev: true

  /bcryptjs/2.4.3:
    resolution: {integrity: sha512-V/Hy/X9Vt7f3BbPJEi8BdVFMByHi+jNXrYkW3huaybV/kQ0KJg0Y6PkEMbn+zeT+i+SiKZ/HMqJGIIt4LZDqNQ==}
    dev: false

  /create-require/1.1.1:
    resolution: {integrity: sha512-dcKFX3jn0MpIaXjisoRvexIJVEKzaq7z2rZKxf+MSr9TkdmHmsU4m2lcLojrj/FHl8mk5VxMmYA+ftRkP/3oKQ==}
    dev: true

  /date-fns/2.29.3:
    resolution: {integrity: sha512-dDCnyH2WnnKusqvZZ6+jA1O51Ibt8ZMRNkDZdyAyK4YfbDwa/cEmuztzG5pk6hqlp9aSBPYcjOlktquahGwGeA==}
    engines: {node: '>=0.11'}
    dev: false

  /diff/4.0.2:
    resolution: {integrity: sha512-58lmxKSA4BNyLz+HHMUzlOEpg09FV+ev6ZMe3vJihgdxzgcwZ8VoEEPmALCZG9LmqfVoNMMKpttIYTVG6uDY7A==}
    engines: {node: '>=0.3.1'}
    dev: true

  /make-error/1.3.6:
    resolution: {integrity: sha512-s8UhlNe7vPKomQhC1qFelMokr/Sc3AgNbso3n74mVPA5LTZwkB9NlXf4XPamLxJE8h0gh73rM94xvwRT2CVInw==}
    dev: true

  /prettier/2.8.1:
    resolution: {integrity: sha512-lqGoSJBQNJidqCHE80vqZJHWHRFoNYsSpP9AjFhlhi9ODCJA541svILes/+/1GM3VaL/abZi7cpFzOpdR9UPKg==}
    engines: {node: '>=10.13.0'}
    hasBin: true
    dev: true

  /prisma/4.7.1:
    resolution: {integrity: sha512-CCQP+m+1qZOGIZlvnL6T3ZwaU0LAleIHYFPN9tFSzjs/KL6vH9rlYbGOkTuG9Q1s6Ki5D0LJlYlW18Z9EBUpGg==}
    engines: {node: '>=14.17'}
    hasBin: true
    requiresBuild: true
    dependencies:
      '@prisma/engines': 4.7.1

  /ts-node/10.9.1_7cep2inysldxstbcrxlp3njwym:
    resolution: {integrity: sha512-NtVysVPkxxrwFGUUxGYhfux8k78pQB3JqYBXlLRZgdGUqTO5wU/UyHop5p70iEbGhB7q5KmiZiU0Y3KlJrScEw==}
    hasBin: true
    peerDependencies:
      '@swc/core': '>=1.2.50'
      '@swc/wasm': '>=1.2.50'
      '@types/node': '*'
      typescript: '>=2.7'
    peerDependenciesMeta:
      '@swc/core':
        optional: true
      '@swc/wasm':
        optional: true
    dependencies:
      '@cspotcode/source-map-support': 0.8.1
      '@tsconfig/node10': 1.0.9
      '@tsconfig/node12': 1.0.11
      '@tsconfig/node14': 1.0.3
      '@tsconfig/node16': 1.0.3
      '@types/node': 17.0.45
      acorn: 8.8.1
      acorn-walk: 8.2.0
      arg: 4.1.3
      create-require: 1.1.1
      diff: 4.0.2
      make-error: 1.3.6
      typescript: 4.9.3
      v8-compile-cache-lib: 3.0.1
      yn: 3.1.1
    dev: true

  /turbo-darwin-64/1.6.3:
    resolution: {integrity: sha512-QmDIX0Yh1wYQl0bUS0gGWwNxpJwrzZU2GIAYt3aOKoirWA2ecnyb3R6ludcS1znfNV2MfunP+l8E3ncxUHwtjA==}
    cpu: [x64]
    os: [darwin]
    requiresBuild: true
    dev: true
    optional: true

  /turbo-darwin-arm64/1.6.3:
    resolution: {integrity: sha512-75DXhFpwE7CinBbtxTxH08EcWrxYSPFow3NaeFwsG8aymkWXF+U2aukYHJA6I12n9/dGqf7yRXzkF0S/9UtdyQ==}
    cpu: [arm64]
    os: [darwin]
    requiresBuild: true
    dev: true
    optional: true

  /turbo-linux-64/1.6.3:
    resolution: {integrity: sha512-O9uc6J0yoRPWdPg9THRQi69K6E2iZ98cRHNvus05lZbcPzZTxJYkYGb5iagCmCW/pq6fL4T4oLWAd6evg2LGQA==}
    cpu: [x64]
    os: [linux]
    requiresBuild: true
    dev: true
    optional: true

  /turbo-linux-arm64/1.6.3:
    resolution: {integrity: sha512-dCy667qqEtZIhulsRTe8hhWQNCJO0i20uHXv7KjLHuFZGCeMbWxB8rsneRoY+blf8+QNqGuXQJxak7ayjHLxiA==}
    cpu: [arm64]
    os: [linux]
    requiresBuild: true
    dev: true
    optional: true

  /turbo-windows-64/1.6.3:
    resolution: {integrity: sha512-lKRqwL3mrVF09b9KySSaOwetehmGknV9EcQTF7d2dxngGYYX1WXoQLjFP9YYH8ZV07oPm+RUOAKSCQuDuMNhiA==}
    cpu: [x64]
    os: [win32]
    requiresBuild: true
    dev: true
    optional: true

  /turbo-windows-arm64/1.6.3:
    resolution: {integrity: sha512-BXY1sDPEA1DgPwuENvDCD8B7Hb0toscjus941WpL8CVd10hg9pk/MWn9CNgwDO5Q9ks0mw+liDv2EMnleEjeNA==}
    cpu: [arm64]
    os: [win32]
    requiresBuild: true
    dev: true
    optional: true

  /turbo/1.6.3:
    resolution: {integrity: sha512-FtfhJLmEEtHveGxW4Ye/QuY85AnZ2ZNVgkTBswoap7UMHB1+oI4diHPNyqrQLG4K1UFtCkjOlVoLsllUh/9QRw==}
    hasBin: true
    requiresBuild: true
    optionalDependencies:
      turbo-darwin-64: 1.6.3
      turbo-darwin-arm64: 1.6.3
      turbo-linux-64: 1.6.3
      turbo-linux-arm64: 1.6.3
      turbo-windows-64: 1.6.3
      turbo-windows-arm64: 1.6.3
    dev: true

  /typescript/4.9.3:
    resolution: {integrity: sha512-CIfGzTelbKNEnLpLdGFgdyKhG23CKdKgQPOBc+OUNrkJ2vr+KSzsSV5kq5iWhEQbok+quxgGzrAtGWCyU7tHnA==}
    engines: {node: '>=4.2.0'}
    hasBin: true
    dev: true

  /v8-compile-cache-lib/3.0.1:
    resolution: {integrity: sha512-wa7YjyUGfNZngI/vtK0UHAN+lgDCxBPCylVXGp0zu59Fz5aiGtNXaq3DhIov063MorB+VfufLh3JlF2KdTK3xg==}
    dev: true

  /yn/3.1.1:
    resolution: {integrity: sha512-Ux4ygGWsu2c7isFWe8Yu1YluJmqVhxqK2cLXNQA5AcC3QfbGNpM7fu0Y8b/z16pXLnFxZYvWhd3fhBY9DLmC6Q==}
    engines: {node: '>=6'}
    dev: true

  /zod/3.19.1:
    resolution: {integrity: sha512-LYjZsEDhCdYET9ikFu6dVPGp2YH9DegXjdJToSzD9rO6fy4qiRYFoyEYwps88OseJlPyl2NOe2iJuhEhL7IpEA==}
    dev: false
